# This file is automatically @generated by Cargo.
# It is not intended for manual editing.
[[package]]
name = "base64"
version = "0.10.1"
source = "registry+https://github.com/rust-lang/crates.io-index"
dependencies = [
 "byteorder 1.3.2 (registry+https://github.com/rust-lang/crates.io-index)",
]

[[package]]
name = "byteorder"
version = "1.3.2"
source = "registry+https://github.com/rust-lang/crates.io-index"

[[package]]
name = "cfg-if"
version = "0.1.10"
source = "registry+https://github.com/rust-lang/crates.io-index"

[[package]]
name = "charset"
version = "0.1.2"
source = "registry+https://github.com/rust-lang/crates.io-index"
dependencies = [
 "base64 0.10.1 (registry+https://github.com/rust-lang/crates.io-index)",
 "encoding_rs 0.8.21 (registry+https://github.com/rust-lang/crates.io-index)",
]

[[package]]
name = "connpass-notifier"
version = "0.1.0"
dependencies = [
 "mailparse 0.10.1 (registry+https://github.com/rust-lang/crates.io-index)",
]

[[package]]
name = "encoding_rs"
version = "0.8.21"
source = "registry+https://github.com/rust-lang/crates.io-index"
dependencies = [
 "cfg-if 0.1.10 (registry+https://github.com/rust-lang/crates.io-index)",
]

[[package]]
name = "mailparse"
version = "0.10.1"
source = "registry+https://github.com/rust-lang/crates.io-index"
dependencies = [
 "base64 0.10.1 (registry+https://github.com/rust-lang/crates.io-index)",
 "charset 0.1.2 (registry+https://github.com/rust-lang/crates.io-index)",
 "quoted_printable 0.4.1 (registry+https://github.com/rust-lang/crates.io-index)",
]

[[package]]
name = "quoted_printable"
version = "0.4.1"
source = "registry+https://github.com/rust-lang/crates.io-index"

[metadata]
"checksum base64 0.10.1 (registry+https://github.com/rust-lang/crates.io-index)" = "0b25d992356d2eb0ed82172f5248873db5560c4721f564b13cb5193bda5e668e"
"checksum byteorder 1.3.2 (registry+https://github.com/rust-lang/crates.io-index)" = "a7c3dd8985a7111efc5c80b44e23ecdd8c007de8ade3b96595387e812b957cf5"
"checksum cfg-if 0.1.10 (registry+https://github.com/rust-lang/crates.io-index)" = "4785bdd1c96b2a846b2bd7cc02e86b6b3dbf14e7e53446c4f54c92a361040822"
"checksum charset 0.1.2 (registry+https://github.com/rust-lang/crates.io-index)" = "4f426e64df1c3de26cbf44593c6ffff5dbfd43bbf9de0d075058558126b3fc73"
"checksum encoding_rs 0.8.21 (registry+https://github.com/rust-lang/crates.io-index)" = "f730a5068736d360795b76e8c53ef51d052a4090d281412da851f5fd6204f36d"
"checksum mailparse 0.10.1 (registry+https://github.com/rust-lang/crates.io-index)" = "c00eb97cc18f08aaadd02808328dcc9be94948d8e5b54adbfd3414d2f87f7bf1"
"checksum quoted_printable 0.4.1 (registry+https://github.com/rust-lang/crates.io-index)" = "86cedf331228892e747bb85beb130b6bb23fc628c40dde9ea01eb6becea3c798"
